{
  "name": "monorepo-test",
  "version": "1.0.0",
  "lockfileVersion": 2,
  "requires": true,
  "packages": {
    "": {
      "name": "monorepo-test",
      "version": "1.0.0",
      "license": "ISC",
      "workspaces": [
        "./packages/a",
        "./packages/b"
      ]
    },
    "node_modules/a": {
      "resolved": "packages/a",
      "link": true
    },
    "node_modules/b": {
      "resolved": "packages/b",
      "link": true
    },
    "packages/a": {
      "version": "1.0.0",
      "license": "ISC"
    },
    "packages/b": {
      "version": "1.0.0",
      "license": "ISC"
    }
  },
  "dependencies": {
    "a": {
      "version": "file:packages/a"
    },
    "b": {
      "version": "file:packages/b"
    }
  }
}
